
Microsoft Visual Studio Solution File, Format Version 11.00
# Visual Studio 2010
Project("{8BC9CEB8-8B4A-11D0-8D11-00A0C91BC942}") = "test_8_10", "test_8_10\test_8_10.vcxproj", "{26C38C2E-CC0F-4C6F-A58F-65B0DFADE9FD}"
EndProject
Global
	GlobalSection(SolutionConfigurationPlatforms) = preSolution
		Debug|Win32 = Debug|Win32
		Release|Win32 = Release|Win32
	EndGlobalSection
	GlobalSection(ProjectConfigurationPlatforms) = postSolution
		{26C38C2E-CC0F-4C6F-A58F-65B0DFADE9FD}.Debug|Win32.ActiveCfg = Debug|Win32
		{26C38C2E-CC0F-4C6F-A58F-65B0DFADE9FD}.Debug|Win32.Build.0 = Debug|Win32
		{26C38C2E-CC0F-4C6F-A58F-65B0DFADE9FD}.Release|Win32.ActiveCfg = Release|Win32
		{26C38C2E-CC0F-4C6F-A58F-65B0DFADE9FD}.Release|Win32.Build.0 = Release|Win32
	EndGlobalSection
	GlobalSection(SolutionProperties) = preSolution
		HideSolutionNode = FALSE
	EndGlobalSection
EndGlobal
