
Microsoft Visual Studio Solution File, Format Version 11.00
# Visual Studio 2010
Project("{8BC9CEB8-8B4A-11D0-8D11-00A0C91BC942}") = "test_zhen_8_4", "test_zhen_8_4\test_zhen_8_4.vcxproj", "{F678188C-5609-4E6A-B3A7-B239591506CC}"
EndProject
Global
	GlobalSection(SolutionConfigurationPlatforms) = preSolution
		Debug|Win32 = Debug|Win32
		Release|Win32 = Release|Win32
	EndGlobalSection
	GlobalSection(ProjectConfigurationPlatforms) = postSolution
		{F678188C-5609-4E6A-B3A7-B239591506CC}.Debug|Win32.ActiveCfg = Debug|Win32
		{F678188C-5609-4E6A-B3A7-B239591506CC}.Debug|Win32.Build.0 = Debug|Win32
		{F678188C-5609-4E6A-B3A7-B239591506CC}.Release|Win32.ActiveCfg = Release|Win32
		{F678188C-5609-4E6A-B3A7-B239591506CC}.Release|Win32.Build.0 = Release|Win32
	EndGlobalSection
	GlobalSection(SolutionProperties) = preSolution
		HideSolutionNode = FALSE
	EndGlobalSection
EndGlobal
